
Microsoft Visual Studio Solution File, Format Version 12.00
# Visual Studio Version 16
VisualStudioVersion = 16.0.29609.76
MinimumVisualStudioVersion = 15.0.26124.0
Project("{9A19103F-16F7-4668-BE54-9A1E7A4F7556}") = "Pipeline.RepositoryManagement", "Pipeline.RepositoryManagement\Pipeline.RepositoryManagement.csproj", "{1F31168C-C841-47A2-8050-EDFCECFB5ECB}"
EndProject
Project("{9A19103F-16F7-4668-BE54-9A1E7A4F7556}") = "Pipeline.Tests.RepositoryManagement", "Pipeline.Tests.RepoManagement\Pipeline.Tests.RepositoryManagement.csproj", "{D70A3D49-9442-4F6B-AB5F-760AC6057208}"
EndProject
Global
	GlobalSection(SolutionConfigurationPlatforms) = preSolution
		Debug|Any CPU = Debug|Any CPU
		Debug|x64 = Debug|x64
		Debug|x86 = Debug|x86
		Release|Any CPU = Release|Any CPU
		Release|x64 = Release|x64
		Release|x86 = Release|x86
	EndGlobalSection
	GlobalSection(ProjectConfigurationPlatforms) = postSolution
		{1F31168C-C841-47A2-8050-EDFCECFB5ECB}.Debug|Any CPU.ActiveCfg = Debug|Any CPU
		{1F31168C-C841-47A2-8050-EDFCECFB5ECB}.Debug|Any CPU.Build.0 = Debug|Any CPU
		{1F31168C-C841-47A2-8050-EDFCECFB5ECB}.Debug|x64.ActiveCfg = Debug|Any CPU
		{1F31168C-C841-47A2-8050-EDFCECFB5ECB}.Debug|x64.Build.0 = Debug|Any CPU
		{1F31168C-C841-47A2-8050-EDFCECFB5ECB}.Debug|x86.ActiveCfg = Debug|Any CPU
		{1F31168C-C841-47A2-8050-EDFCECFB5ECB}.Debug|x86.Build.0 = Debug|Any CPU
		{1F31168C-C841-47A2-8050-EDFCECFB5ECB}.Release|Any CPU.ActiveCfg = Release|Any CPU
		{1F31168C-C841-47A2-8050-EDFCECFB5ECB}.Release|Any CPU.Build.0 = Release|Any CPU
		{1F31168C-C841-47A2-8050-EDFCECFB5ECB}.Release|x64.ActiveCfg = Release|Any CPU
		{1F31168C-C841-47A2-8050-EDFCECFB5ECB}.Release|x64.Build.0 = Release|Any CPU
		{1F31168C-C841-47A2-8050-EDFCECFB5ECB}.Release|x86.ActiveCfg = Release|Any CPU
		{1F31168C-C841-47A2-8050-EDFCECFB5ECB}.Release|x86.Build.0 = Release|Any CPU
		{D70A3D49-9442-4F6B-AB5F-760AC6057208}.Debug|Any CPU.ActiveCfg = Debug|Any CPU
		{D70A3D49-9442-4F6B-AB5F-760AC6057208}.Debug|Any CPU.Build.0 = Debug|Any CPU
		{D70A3D49-9442-4F6B-AB5F-760AC6057208}.Debug|x64.ActiveCfg = Debug|Any CPU
		{D70A3D49-9442-4F6B-AB5F-760AC6057208}.Debug|x64.Build.0 = Debug|Any CPU
		{D70A3D49-9442-4F6B-AB5F-760AC6057208}.Debug|x86.ActiveCfg = Debug|Any CPU
		{D70A3D49-9442-4F6B-AB5F-760AC6057208}.Debug|x86.Build.0 = Debug|Any CPU
		{D70A3D49-9442-4F6B-AB5F-760AC6057208}.Release|Any CPU.ActiveCfg = Release|Any CPU
		{D70A3D49-9442-4F6B-AB5F-760AC6057208}.Release|Any CPU.Build.0 = Release|Any CPU
		{D70A3D49-9442-4F6B-AB5F-760AC6057208}.Release|x64.ActiveCfg = Release|Any CPU
		{D70A3D49-9442-4F6B-AB5F-760AC6057208}.Release|x64.Build.0 = Release|Any CPU
		{D70A3D49-9442-4F6B-AB5F-760AC6057208}.Release|x86.ActiveCfg = Release|Any CPU
		{D70A3D49-9442-4F6B-AB5F-760AC6057208}.Release|x86.Build.0 = Release|Any CPU
	EndGlobalSection
	GlobalSection(SolutionProperties) = preSolution
		HideSolutionNode = FALSE
	EndGlobalSection
	GlobalSection(ExtensibilityGlobals) = postSolution
		SolutionGuid = {0C3EECA6-1A9E-49AF-9046-ED403ED94B33}
	EndGlobalSection
EndGlobal
